
Microsoft Visual Studio Solution File, Format Version 12.00
# Visual Studio Version 17
VisualStudioVersion = 17.14.37502.11 d17.14
MinimumVisualStudioVersion = 10.0.40219.1
Project("{FAE04EC0-301F-11D3-BF4B-00C04F79EFBC}") = "BitmapFontApp", "BitmapFontApp\BitmapFontApp.csproj", "{B763DDDC-DDD2-4F90-A38B-4B128C030093}"
EndProject
Global
	GlobalSection(SolutionConfigurationPlatforms) = preSolution
		Debug|Any CPU = Debug|Any CPU
		Release|Any CPU = Release|Any CPU
	EndGlobalSection
	GlobalSection(ProjectConfigurationPlatforms) = postSolution
		{B763DDDC-DDD2-4F90-A38B-4B128C030093}.Debug|Any CPU.ActiveCfg = Debug|Any CPU
		{B763DDDC-DDD2-4F90-A38B-4B128C030093}.Debug|Any CPU.Build.0 = Debug|Any CPU
		{B763DDDC-DDD2-4F90-A38B-4B128C030093}.Release|Any CPU.ActiveCfg = Release|Any CPU
		{B763DDDC-DDD2-4F90-A38B-4B128C030093}.Release|Any CPU.Build.0 = Release|Any CPU
	EndGlobalSection
	GlobalSection(SolutionProperties) = preSolution
		HideSolutionNode = FALSE
	EndGlobalSection
	GlobalSection(ExtensibilityGlobals) = postSolution
		SolutionGuid = {78C039E0-F31F-4729-8F36-D04106A5FD8E}
	EndGlobalSection
EndGlobal
